Microsoft Visual Studio Solution File, Format Version 12.00
# Visual Studio 15
VisualStudioVersion = 15.0.27130.2036
MinimumVisualStudioVersion = 10.0.40219.1
Project("{9A19103F-16F7-4668-BE54-9A1E7A4F7556}") = "Jpeg2000", "Jpeg2000\Jpeg2000.csproj", "{9F8B1BA4-043D-4D9A-8112-1AB543677571}"
EndProject
Project("{9A19103F-16F7-4668-BE54-9A1E7A4F7556}") = "Jpeg2000.Test", "Jpeg2000.Test\Jpeg2000.Test.csproj", "{70A7FC46-C993-4AC9-8BD6-AAB0D5ACCBEB}"
EndProject
Project("{9A19103F-16F7-4668-BE54-9A1E7A4F7556}") = "ImageProcessing", "ImageProcessing\ImageProcessing.csproj", "{8F14A3ED-1FCA-4D6A-A545-B65FBEB1839D}"
EndProject
Project("{9A19103F-16F7-4668-BE54-9A1E7A4F7556}") = "Image.Common", "Image.Common\Image.Common.csproj", "{60C783B2-EAAD-43C9-AD0B-8BEA95E6E054}"
EndProject
Project("{9A19103F-16F7-4668-BE54-9A1E7A4F7556}") = "TremendousIIIF.Test", "TremendousIIIF.Test\TremendousIIIF.Test.csproj", "{EFB03C8A-FAF8-4B75-B990-2CABB82E3545}"
EndProject
Project("{9A19103F-16F7-4668-BE54-9A1E7A4F7556}") = "TremendousIIIF.Common", "TremendousIIIF.Common\TremendousIIIF.Common.csproj", "{AEDB7099-8BF0-4CAE-A531-048188297A4E}"
EndProject
Project("{9A19103F-16F7-4668-BE54-9A1E7A4F7556}") = "Image.Tiff", "Image.Tiff\Image.Tiff.csproj", "{0F0EBE5B-791C-458E-823F-29E73D1BA244}"
EndProject
Project("{FAE04EC0-301F-11D3-BF4B-00C04F79EFBC}") = "TremendousIIIF.Benchmark", "TremendousIIIF.Benchmark\TremendousIIIF.Benchmark.csproj", "{56DEC1FB-576D-496C-B322-A5063AE9C638}"
EndProject
Project("{9A19103F-16F7-4668-BE54-9A1E7A4F7556}") = "TremendousIIIF", "TremendousIIIF\TremendousIIIF.csproj", "{1E0F8702-316F-4F48-9162-6568F5D6B96E}"
EndProject
Project("{2150E333-8FDC-42A3-9474-1A3956D46DE8}") = "Solution Items", "Solution Items", "{BEE43449-5EEE-4F27-8D3C-50319C6ED6F6}"
	ProjectSection(SolutionItems) = preProject
		README.md = README.md
	EndProjectSection
EndProject
Project("{9A19103F-16F7-4668-BE54-9A1E7A4F7556}") = "Image.Tiff.Test", "Image.Tiff.Test\Image.Tiff.Test.csproj", "{729BECBF-F940-498C-89A2-3F9472ED01FD}"
EndProject
Project("{9A19103F-16F7-4668-BE54-9A1E7A4F7556}") = "ImageProcessing.Test", "ImageProcessing.Test\ImageProcessing.Test.csproj", "{E2C39782-FBFF-4FAE-81D4-359785C8731F}"
EndProject
Global
	GlobalSection(Performance) = preSolution
		HasPerformanceSessions = true
	EndGlobalSection
	GlobalSection(SolutionConfigurationPlatforms) = preSolution
		Debug|Any CPU = Debug|Any CPU
		Debug|x64 = Debug|x64
		Debug|x86 = Debug|x86
		Release|Any CPU = Release|Any CPU
		Release|x64 = Release|x64
		Release|x86 = Release|x86
	EndGlobalSection
	GlobalSection(ProjectConfigurationPlatforms) = postSolution
		{9F8B1BA4-043D-4D9A-8112-1AB543677571}.Debug|Any CPU.ActiveCfg = Debug|Any CPU
		{9F8B1BA4-043D-4D9A-8112-1AB543677571}.Debug|Any CPU.Build.0 = Debug|Any CPU
		{9F8B1BA4-043D-4D9A-8112-1AB543677571}.Debug|x64.ActiveCfg = Debug|Any CPU
		{9F8B1BA4-043D-4D9A-8112-1AB543677571}.Debug|x64.Build.0 = Debug|Any CPU
		{9F8B1BA4-043D-4D9A-8112-1AB543677571}.Debug|x86.ActiveCfg = Debug|Any CPU
		{9F8B1BA4-043D-4D9A-8112-1AB543677571}.Debug|x86.Build.0 = Debug|Any CPU
		{9F8B1BA4-043D-4D9A-8112-1AB543677571}.Release|Any CPU.ActiveCfg = Release|Any CPU
		{9F8B1BA4-043D-4D9A-8112-1AB543677571}.Release|Any CPU.Build.0 = Release|Any CPU
		{9F8B1BA4-043D-4D9A-8112-1AB543677571}.Release|x64.ActiveCfg = Release|Any CPU
		{9F8B1BA4-043D-4D9A-8112-1AB543677571}.Release|x64.Build.0 = Release|Any CPU
		{9F8B1BA4-043D-4D9A-8112-1AB543677571}.Release|x86.ActiveCfg = Release|Any CPU
		{9F8B1BA4-043D-4D9A-8112-1AB543677571}.Release|x86.Build.0 = Release|Any CPU
		{70A7FC46-C993-4AC9-8BD6-AAB0D5ACCBEB}.Debug|Any CPU.ActiveCfg = Debug|Any CPU
		{70A7FC46-C993-4AC9-8BD6-AAB0D5ACCBEB}.Debug|Any CPU.Build.0 = Debug|Any CPU
		{70A7FC46-C993-4AC9-8BD6-AAB0D5ACCBEB}.Debug|x64.ActiveCfg = Debug|Any CPU
		{70A7FC46-C993-4AC9-8BD6-AAB0D5ACCBEB}.Debug|x64.Build.0 = Debug|Any CPU
		{70A7FC46-C993-4AC9-8BD6-AAB0D5ACCBEB}.Debug|x86.ActiveCfg = Debug|Any CPU
		{70A7FC46-C993-4AC9-8BD6-AAB0D5ACCBEB}.Debug|x86.Build.0 = Debug|Any CPU
		{70A7FC46-C993-4AC9-8BD6-AAB0D5ACCBEB}.Release|Any CPU.ActiveCfg = Release|Any CPU
		{70A7FC46-C993-4AC9-8BD6-AAB0D5ACCBEB}.Release|Any CPU.Build.0 = Release|Any CPU
		{70A7FC46-C993-4AC9-8BD6-AAB0D5ACCBEB}.Release|x64.ActiveCfg = Release|Any CPU
		{70A7FC46-C993-4AC9-8BD6-AAB0D5ACCBEB}.Release|x86.ActiveCfg = Release|Any CPU
		{70A7FC46-C993-4AC9-8BD6-AAB0D5ACCBEB}.Release|x86.Build.0 = Release|Any CPU
		{8F14A3ED-1FCA-4D6A-A545-B65FBEB1839D}.Debug|Any CPU.ActiveCfg = Debug|Any CPU
		{8F14A3ED-1FCA-4D6A-A545-B65FBEB1839D}.Debug|Any CPU.Build.0 = Debug|Any CPU
		{8F14A3ED-1FCA-4D6A-A545-B65FBEB1839D}.Debug|x64.ActiveCfg = Debug|Any CPU
		{8F14A3ED-1FCA-4D6A-A545-B65FBEB1839D}.Debug|x64.Build.0 = Debug|Any CPU
		{8F14A3ED-1FCA-4D6A-A545-B65FBEB1839D}.Debug|x86.ActiveCfg = Debug|Any CPU
		{8F14A3ED-1FCA-4D6A-A545-B65FBEB1839D}.Debug|x86.Build.0 = Debug|Any CPU
		{8F14A3ED-1FCA-4D6A-A545-B65FBEB1839D}.Release|Any CPU.ActiveCfg = Release|Any CPU
		{8F14A3ED-1FCA-4D6A-A545-B65FBEB1839D}.Release|Any CPU.Build.0 = Release|Any CPU
		{8F14A3ED-1FCA-4D6A-A545-B65FBEB1839D}.Release|x64.ActiveCfg = Release|Any CPU
		{8F14A3ED-1FCA-4D6A-A545-B65FBEB1839D}.Release|x64.Build.0 = Release|Any CPU
		{8F14A3ED-1FCA-4D6A-A545-B65FBEB1839D}.Release|x86.ActiveCfg = Release|Any CPU
		{8F14A3ED-1FCA-4D6A-A545-B65FBEB1839D}.Release|x86.Build.0 = Release|Any CPU
		{60C783B2-EAAD-43C9-AD0B-8BEA95E6E054}.Debug|Any CPU.ActiveCfg = Debug|Any CPU
		{60C783B2-EAAD-43C9-AD0B-8BEA95E6E054}.Debug|Any CPU.Build.0 = Debug|Any CPU
		{60C783B2-EAAD-43C9-AD0B-8BEA95E6E054}.Debug|x64.ActiveCfg = Debug|Any CPU
		{60C783B2-EAAD-43C9-AD0B-8BEA95E6E054}.Debug|x64.Build.0 = Debug|Any CPU
		{60C783B2-EAAD-43C9-AD0B-8BEA95E6E054}.Debug|x86.ActiveCfg = Debug|Any CPU
		{60C783B2-EAAD-43C9-AD0B-8BEA95E6E054}.Debug|x86.Build.0 = Debug|Any CPU
		{60C783B2-EAAD-43C9-AD0B-8BEA95E6E054}.Release|Any CPU.ActiveCfg = Release|Any CPU
		{60C783B2-EAAD-43C9-AD0B-8BEA95E6E054}.Release|Any CPU.Build.0 = Release|Any CPU
		{60C783B2-EAAD-43C9-AD0B-8BEA95E6E054}.Release|x64.ActiveCfg = Release|Any CPU
		{60C783B2-EAAD-43C9-AD0B-8BEA95E6E054}.Release|x64.Build.0 = Release|Any CPU
		{60C783B2-EAAD-43C9-AD0B-8BEA95E6E054}.Release|x86.ActiveCfg = Release|Any CPU
		{60C783B2-EAAD-43C9-AD0B-8BEA95E6E054}.Release|x86.Build.0 = Release|Any CPU
		{EFB03C8A-FAF8-4B75-B990-2CABB82E3545}.Debug|Any CPU.ActiveCfg = Debug|Any CPU
		{EFB03C8A-FAF8-4B75-B990-2CABB82E3545}.Debug|Any CPU.Build.0 = Debug|Any CPU
		{EFB03C8A-FAF8-4B75-B990-2CABB82E3545}.Debug|x64.ActiveCfg = Debug|Any CPU
		{EFB03C8A-FAF8-4B75-B990-2CABB82E3545}.Debug|x64.Build.0 = Debug|Any CPU
		{EFB03C8A-FAF8-4B75-B990-2CABB82E3545}.Debug|x86.ActiveCfg = Debug|Any CPU
		{EFB03C8A-FAF8-4B75-B990-2CABB82E3545}.Debug|x86.Build.0 = Debug|Any CPU
		{EFB03C8A-FAF8-4B75-B990-2CABB82E3545}.Release|Any CPU.ActiveCfg = Release|Any CPU
		{EFB03C8A-FAF8-4B75-B990-2CABB82E3545}.Release|Any CPU.Build.0 = Release|Any CPU
		{EFB03C8A-FAF8-4B75-B990-2CABB82E3545}.Release|x64.ActiveCfg = Release|Any CPU
		{EFB03C8A-FAF8-4B75-B990-2CABB82E3545}.Release|x86.ActiveCfg = Release|Any CPU
		{EFB03C8A-FAF8-4B75-B990-2CABB82E3545}.Release|x86.Build.0 = Release|Any CPU
		{AEDB7099-8BF0-4CAE-A531-048188297A4E}.Debug|Any CPU.ActiveCfg = Debug|Any CPU
		{AEDB7099-8BF0-4CAE-A531-048188297A4E}.Debug|Any CPU.Build.0 = Debug|Any CPU
		{AEDB7099-8BF0-4CAE-A531-048188297A4E}.Debug|x64.ActiveCfg = Debug|Any CPU
		{AEDB7099-8BF0-4CAE-A531-048188297A4E}.Debug|x64.Build.0 = Debug|Any CPU
		{AEDB7099-8BF0-4CAE-A531-048188297A4E}.Debug|x86.ActiveCfg = Debug|Any CPU
		{AEDB7099-8BF0-4CAE-A531-048188297A4E}.Debug|x86.Build.0 = Debug|Any CPU
		{AEDB7099-8BF0-4CAE-A531-048188297A4E}.Release|Any CPU.ActiveCfg = Release|Any CPU
		{AEDB7099-8BF0-4CAE-A531-048188297A4E}.Release|Any CPU.Build.0 = Release|Any CPU
		{AEDB7099-8BF0-4CAE-A531-048188297A4E}.Release|x64.ActiveCfg = Release|Any CPU
		{AEDB7099-8BF0-4CAE-A531-048188297A4E}.Release|x64.Build.0 = Release|Any CPU
		{AEDB7099-8BF0-4CAE-A531-048188297A4E}.Release|x86.ActiveCfg = Release|Any CPU
		{AEDB7099-8BF0-4CAE-A531-048188297A4E}.Release|x86.Build.0 = Release|Any CPU
		{0F0EBE5B-791C-458E-823F-29E73D1BA244}.Debug|Any CPU.ActiveCfg = Debug|Any CPU
		{0F0EBE5B-791C-458E-823F-29E73D1BA244}.Debug|Any CPU.Build.0 = Debug|Any CPU
		{0F0EBE5B-791C-458E-823F-29E73D1BA244}.Debug|x64.ActiveCfg = Debug|Any CPU
		{0F0EBE5B-791C-458E-823F-29E73D1BA244}.Debug|x64.Build.0 = Debug|Any CPU
		{0F0EBE5B-791C-458E-823F-29E73D1BA244}.Debug|x86.ActiveCfg = Debug|Any CPU
		{0F0EBE5B-791C-458E-823F-29E73D1BA244}.Debug|x86.Build.0 = Debug|Any CPU
		{0F0EBE5B-791C-458E-823F-29E73D1BA244}.Release|Any CPU.ActiveCfg = Release|Any CPU
		{0F0EBE5B-791C-458E-823F-29E73D1BA244}.Release|Any CPU.Build.0 = Release|Any CPU
		{0F0EBE5B-791C-458E-823F-29E73D1BA244}.Release|x64.ActiveCfg = Release|Any CPU
		{0F0EBE5B-791C-458E-823F-29E73D1BA244}.Release|x64.Build.0 = Release|Any CPU
		{0F0EBE5B-791C-458E-823F-29E73D1BA244}.Release|x86.ActiveCfg = Release|Any CPU
		{0F0EBE5B-791C-458E-823F-29E73D1BA244}.Release|x86.Build.0 = Release|Any CPU
		{56DEC1FB-576D-496C-B322-A5063AE9C638}.Debug|Any CPU.ActiveCfg = Debug|Any CPU
		{56DEC1FB-576D-496C-B322-A5063AE9C638}.Debug|Any CPU.Build.0 = Debug|Any CPU
		{56DEC1FB-576D-496C-B322-A5063AE9C638}.Debug|x64.ActiveCfg = Debug|Any CPU
		{56DEC1FB-576D-496C-B322-A5063AE9C638}.Debug|x86.ActiveCfg = Debug|Any CPU
		{56DEC1FB-576D-496C-B322-A5063AE9C638}.Debug|x86.Build.0 = Debug|Any CPU
		{56DEC1FB-576D-496C-B322-A5063AE9C638}.Release|Any CPU.ActiveCfg = Release|Any CPU
		{56DEC1FB-576D-496C-B322-A5063AE9C638}.Release|Any CPU.Build.0 = Release|Any CPU
		{56DEC1FB-576D-496C-B322-A5063AE9C638}.Release|x64.ActiveCfg = Release|Any CPU
		{56DEC1FB-576D-496C-B322-A5063AE9C638}.Release|x64.Build.0 = Release|Any CPU
		{56DEC1FB-576D-496C-B322-A5063AE9C638}.Release|x86.ActiveCfg = Release|Any CPU
		{56DEC1FB-576D-496C-B322-A5063AE9C638}.Release|x86.Build.0 = Release|Any CPU
		{1E0F8702-316F-4F48-9162-6568F5D6B96E}.Debug|Any CPU.ActiveCfg = Debug|Any CPU
		{1E0F8702-316F-4F48-9162-6568F5D6B96E}.Debug|Any CPU.Build.0 = Debug|Any CPU
		{1E0F8702-316F-4F48-9162-6568F5D6B96E}.Debug|x64.ActiveCfg = Debug|Any CPU
		{1E0F8702-316F-4F48-9162-6568F5D6B96E}.Debug|x64.Build.0 = Debug|Any CPU
		{1E0F8702-316F-4F48-9162-6568F5D6B96E}.Debug|x86.ActiveCfg = Debug|Any CPU
		{1E0F8702-316F-4F48-9162-6568F5D6B96E}.Debug|x86.Build.0 = Debug|Any CPU
		{1E0F8702-316F-4F48-9162-6568F5D6B96E}.Release|Any CPU.ActiveCfg = Release|Any CPU
		{1E0F8702-316F-4F48-9162-6568F5D6B96E}.Release|Any CPU.Build.0 = Release|Any CPU
		{1E0F8702-316F-4F48-9162-6568F5D6B96E}.Release|x64.ActiveCfg = Release|Any CPU
		{1E0F8702-316F-4F48-9162-6568F5D6B96E}.Release|x64.Build.0 = Release|Any CPU
		{1E0F8702-316F-4F48-9162-6568F5D6B96E}.Release|x86.ActiveCfg = Release|Any CPU
		{1E0F8702-316F-4F48-9162-6568F5D6B96E}.Release|x86.Build.0 = Release|Any CPU
		{729BECBF-F940-498C-89A2-3F9472ED01FD}.Debug|Any CPU.ActiveCfg = Debug|Any CPU
		{729BECBF-F940-498C-89A2-3F9472ED01FD}.Debug|Any CPU.Build.0 = Debug|Any CPU
		{729BECBF-F940-498C-89A2-3F9472ED01FD}.Debug|x64.ActiveCfg = Debug|Any CPU
		{729BECBF-F940-498C-89A2-3F9472ED01FD}.Debug|x64.Build.0 = Debug|Any CPU
		{729BECBF-F940-498C-89A2-3F9472ED01FD}.Debug|x86.ActiveCfg = Debug|Any CPU
		{729BECBF-F940-498C-89A2-3F9472ED01FD}.Debug|x86.Build.0 = Debug|Any CPU
		{729BECBF-F940-498C-89A2-3F9472ED01FD}.Release|Any CPU.ActiveCfg = Release|Any CPU
		{729BECBF-F940-498C-89A2-3F9472ED01FD}.Release|Any CPU.Build.0 = Release|Any CPU
		{729BECBF-F940-498C-89A2-3F9472ED01FD}.Release|x64.ActiveCfg = Release|Any CPU
		{729BECBF-F940-498C-89A2-3F9472ED01FD}.Release|x86.ActiveCfg = Release|Any CPU
		{729BECBF-F940-498C-89A2-3F9472ED01FD}.Release|x86.Build.0 = Release|Any CPU
		{E2C39782-FBFF-4FAE-81D4-359785C8731F}.Debug|Any CPU.ActiveCfg = Debug|Any CPU
		{E2C39782-FBFF-4FAE-81D4-359785C8731F}.Debug|Any CPU.Build.0 = Debug|Any CPU
		{E2C39782-FBFF-4FAE-81D4-359785C8731F}.Debug|x64.ActiveCfg = Debug|Any CPU
		{E2C39782-FBFF-4FAE-81D4-359785C8731F}.Debug|x64.Build.0 = Debug|Any CPU
		{E2C39782-FBFF-4FAE-81D4-359785C8731F}.Debug|x86.ActiveCfg = Debug|Any CPU
		{E2C39782-FBFF-4FAE-81D4-359785C8731F}.Debug|x86.Build.0 = Debug|Any CPU
		{E2C39782-FBFF-4FAE-81D4-359785C8731F}.Release|Any CPU.ActiveCfg = Release|Any CPU
		{E2C39782-FBFF-4FAE-81D4-359785C8731F}.Release|Any CPU.Build.0 = Release|Any CPU
		{E2C39782-FBFF-4FAE-81D4-359785C8731F}.Release|x64.ActiveCfg = Release|Any CPU
		{E2C39782-FBFF-4FAE-81D4-359785C8731F}.Release|x86.ActiveCfg = Release|Any CPU
		{E2C39782-FBFF-4FAE-81D4-359785C8731F}.Release|x86.Build.0 = Release|Any CPU
	EndGlobalSection
	GlobalSection(SolutionProperties) = preSolution
		HideSolutionNode = FALSE
	EndGlobalSection
	GlobalSection(ExtensibilityGlobals) = postSolution
		SolutionGuid = {96B5061B-94A6-4644-B6C0-8EFB2E7187F4}
	EndGlobalSection
	GlobalSection(Performance) = preSolution
		HasPerformanceSessions = true
	EndGlobalSection
EndGlobal
